
Microsoft Visual Studio Solution File, Format Version 12.00
# Visual Studio Version 16
VisualStudioVersion = 16.0.33027.164
MinimumVisualStudioVersion = 10.0.40219.1
Project("{FAE04EC0-301F-11D3-BF4B-00C04F79EFBC}") = "Design_Patther_Decorator", "Design_Patther_Decorator\Design_Patther_Decorator.csproj", "{24D57B4A-B9F8-4DAD-A63A-D04ED8FCF10A}"
EndProject
Global
	GlobalSection(SolutionConfigurationPlatforms) = preSolution
		Debug|Any CPU = Debug|Any CPU
		Release|Any CPU = Release|Any CPU
	EndGlobalSection
	GlobalSection(ProjectConfigurationPlatforms) = postSolution
		{24D57B4A-B9F8-4DAD-A63A-D04ED8FCF10A}.Debug|Any CPU.ActiveCfg = Debug|Any CPU
		{24D57B4A-B9F8-4DAD-A63A-D04ED8FCF10A}.Debug|Any CPU.Build.0 = Debug|Any CPU
		{24D57B4A-B9F8-4DAD-A63A-D04ED8FCF10A}.Release|Any CPU.ActiveCfg = Release|Any CPU
		{24D57B4A-B9F8-4DAD-A63A-D04ED8FCF10A}.Release|Any CPU.Build.0 = Release|Any CPU
	EndGlobalSection
	GlobalSection(SolutionProperties) = preSolution
		HideSolutionNode = FALSE
	EndGlobalSection
	GlobalSection(ExtensibilityGlobals) = postSolution
		SolutionGuid = {D66F6E9E-8593-4D2D-9FF6-666236D3DE52}
	EndGlobalSection
EndGlobal
